{
  "object": {
    "pins": [
      {
        "package": "AnimatedTabBar",
        "repositoryURL": "git@github.com:pb-studios/AnimatedTabBar.git",
        "state": {
          "branch": null,
          "revision": "3d7f619644f78adcd109b66cfdc56737e185d084",
          "version": "1.0.0"
        }
      }
    ]
  },
  "version": 1
}
