PODS:
  - Eureka (5.3.3)
  - FlagKit (2.2)
  - IGListDiffKit (4.0.0)
  - IGListKit (4.0.0):
    - IGListDiffKit (= 4.0.0)
  - Parchment (3.0.1)
  - SQLite.swift (0.12.2):
    - SQLite.swift/standard (= 0.12.2)
  - SQLite.swift/standard (0.12.2)

DEPENDENCIES:
  - Eureka
  - FlagKit
  - IGListKit
  - Parchment
  - SQLite.swift

SPEC REPOS:
  trunk:
    - Eureka
    - FlagKit
    - IGListDiffKit
    - IGListKit
    - Parchment
    - SQLite.swift

SPEC CHECKSUMS:
  Eureka: e6d720290c56bb23333ad1a0e020b2a98a0e9a43
  FlagKit: eca7dc89064b0c986302ba9acefad1bf80a435b1
  IGListDiffKit: 665d6cf43ce726e676013db9c7d6c4294259b6b2
  IGListKit: fd5a5d21935298f5849fa49d426843cff97b77c7
  Parchment: 466a1cfb6151780db8acb4bbedc2d9c6bfa1e2ff
  SQLite.swift: d2b4642190917051ce6bd1d49aab565fe794eea3

PODFILE CHECKSUM: dc717fd6acbae008cee704129229573c6fbbd0aa

COCOAPODS: 1.10.1
