// !$*UTF8*$!
{
	archiveVersion = 1;
	classes = {
	};
	objectVersion = 52;
	objects = {

/* Begin PBXBuildFile section */
		0D491E0E34E74A963A4E6C51 /* Pods_MastersPortal.framework in Frameworks */ = {isa = PBXBuildFile; fileRef = C6515EA2DEE80100191E898C /* Pods_MastersPortal.framework */; };
		F3115C712666EAE20057569D /* Place.swift in Sources */ = {isa = PBXBuildFile; fileRef = F3115C702666EAE20057569D /* Place.swift */; };
		F3115C732666EB040057569D /* City.swift in Sources */ = {isa = PBXBuildFile; fileRef = F3115C722666EB040057569D /* City.swift */; };
		F3115C752666EB100057569D /* Term.swift in Sources */ = {isa = PBXBuildFile; fileRef = F3115C742666EB100057569D /* Term.swift */; };
		F3115C772666EB180057569D /* Application.swift in Sources */ = {isa = PBXBuildFile; fileRef = F3115C762666EB180057569D /* Application.swift */; };
		F3115C792666EB200057569D /* Student.swift in Sources */ = {isa = PBXBuildFile; fileRef = F3115C782666EB200057569D /* Student.swift */; };
		F31E83C226516FFC001AE0FF /* FeaturedSection.swift in Sources */ = {isa = PBXBuildFile; fileRef = F31E83C126516FFB001AE0FF /* FeaturedSection.swift */; };
		F31E83C42651703D001AE0FF /* SectionTitleSection.swift in Sources */ = {isa = PBXBuildFile; fileRef = F31E83C32651703D001AE0FF /* SectionTitleSection.swift */; };
		F31E83C626517058001AE0FF /* DiciplinesSection.swift in Sources */ = {isa = PBXBuildFile; fileRef = F31E83C526517058001AE0FF /* DiciplinesSection.swift */; };
		F31E83C826517079001AE0FF /* CountriesSection.swift in Sources */ = {isa = PBXBuildFile; fileRef = F31E83C726517079001AE0FF /* CountriesSection.swift */; };
		F31E83CA26517087001AE0FF /* CollectionSection.swift in Sources */ = {isa = PBXBuildFile; fileRef = F31E83C926517087001AE0FF /* CollectionSection.swift */; };
		F31E83CE2651767A001AE0FF /* QuickFactCell.xib in Resources */ = {isa = PBXBuildFile; fileRef = F31E83CD2651767A001AE0FF /* QuickFactCell.xib */; };
		F31E83D02651769B001AE0FF /* QuickFactCell.swift in Sources */ = {isa = PBXBuildFile; fileRef = F31E83CF2651769B001AE0FF /* QuickFactCell.swift */; };
		F31E83D2265179E7001AE0FF /* QuickFactItemViewModel.swift in Sources */ = {isa = PBXBuildFile; fileRef = F31E83D1265179E7001AE0FF /* QuickFactItemViewModel.swift */; };
		F31E83D626517B27001AE0FF /* QuickFactSection.swift in Sources */ = {isa = PBXBuildFile; fileRef = F31E83D526517B27001AE0FF /* QuickFactSection.swift */; };
		F31E83D826517BDA001AE0FF /* QuickFactSectionController.swift in Sources */ = {isa = PBXBuildFile; fileRef = F31E83D726517BDA001AE0FF /* QuickFactSectionController.swift */; };
		F31FE5E32651F160005DCD14 /* ListAdapterViewModel.swift in Sources */ = {isa = PBXBuildFile; fileRef = F31FE5E22651F160005DCD14 /* ListAdapterViewModel.swift */; };
		F31FE5E52651F179005DCD14 /* SimpleListAdapterViewModel.swift in Sources */ = {isa = PBXBuildFile; fileRef = F31FE5E42651F179005DCD14 /* SimpleListAdapterViewModel.swift */; };
		F33B5882265D992500832F88 /* ApplyViewController.swift in Sources */ = {isa = PBXBuildFile; fileRef = F33B5881265D992500832F88 /* ApplyViewController.swift */; };
		F33B5884265D993700832F88 /* Apply.storyboard in Resources */ = {isa = PBXBuildFile; fileRef = F33B5883265D993700832F88 /* Apply.storyboard */; };
		F35C53862652F018007FB3EA /* MockDetailViewModel.swift in Sources */ = {isa = PBXBuildFile; fileRef = F35C53852652F018007FB3EA /* MockDetailViewModel.swift */; };
		F35C539C2652F8A8007FB3EA /* SectionViewModel.swift in Sources */ = {isa = PBXBuildFile; fileRef = F35C539B2652F8A8007FB3EA /* SectionViewModel.swift */; };
		F35C539F2652FDAA007FB3EA /* StretchyCollectionViewFlowLayout.swift in Sources */ = {isa = PBXBuildFile; fileRef = F35C539E2652FDAA007FB3EA /* StretchyCollectionViewFlowLayout.swift */; };
		F35FEF77264B38E30003B042 /* NSObject+ListDiffable.swift in Sources */ = {isa = PBXBuildFile; fileRef = F35FEF76264B38E30003B042 /* NSObject+ListDiffable.swift */; };
		F35FEF79264B4E0A0003B042 /* FeaturedSectionController.swift in Sources */ = {isa = PBXBuildFile; fileRef = F35FEF78264B4E0A0003B042 /* FeaturedSectionController.swift */; };
		F35FEF7B264B4E260003B042 /* TitleSectionController.swift in Sources */ = {isa = PBXBuildFile; fileRef = F35FEF7A264B4E260003B042 /* TitleSectionController.swift */; };
		F35FEF7D264B4E5C0003B042 /* DiciplinesSectionController.swift in Sources */ = {isa = PBXBuildFile; fileRef = F35FEF7C264B4E5C0003B042 /* DiciplinesSectionController.swift */; };
		F35FEF7F264B4E680003B042 /* CountriesSectionController.swift in Sources */ = {isa = PBXBuildFile; fileRef = F35FEF7E264B4E680003B042 /* CountriesSectionController.swift */; };
		F35FEF81264C2D650003B042 /* MockExploreViewModel.swift in Sources */ = {isa = PBXBuildFile; fileRef = F35FEF80264C2D650003B042 /* MockExploreViewModel.swift */; };
		F36C540B26473B12001C4526 /* AppDelegate.swift in Sources */ = {isa = PBXBuildFile; fileRef = F36C540A26473B12001C4526 /* AppDelegate.swift */; };
		F36C540D26473B12001C4526 /* SceneDelegate.swift in Sources */ = {isa = PBXBuildFile; fileRef = F36C540C26473B12001C4526 /* SceneDelegate.swift */; };
		F36C541226473B12001C4526 /* Main.storyboard in Resources */ = {isa = PBXBuildFile; fileRef = F36C541026473B12001C4526 /* Main.storyboard */; };
		F36C541426473B17001C4526 /* Assets.xcassets in Resources */ = {isa = PBXBuildFile; fileRef = F36C541326473B17001C4526 /* Assets.xcassets */; };
		F36C541726473B17001C4526 /* LaunchScreen.storyboard in Resources */ = {isa = PBXBuildFile; fileRef = F36C541526473B17001C4526 /* LaunchScreen.storyboard */; };
		F36C542426475594001C4526 /* BartyCrouch.swift in Sources */ = {isa = PBXBuildFile; fileRef = F36C542326475594001C4526 /* BartyCrouch.swift */; };
		F36C5427264755B6001C4526 /* Localizable.strings in Resources */ = {isa = PBXBuildFile; fileRef = F36C5429264755B6001C4526 /* Localizable.strings */; };
		F36C542E264755D5001C4526 /* XCAssets+Generated.swift in Sources */ = {isa = PBXBuildFile; fileRef = F36C542A264755D5001C4526 /* XCAssets+Generated.swift */; };
		F36C542F264755D5001C4526 /* IB-Scenes+Generated.swift in Sources */ = {isa = PBXBuildFile; fileRef = F36C542B264755D5001C4526 /* IB-Scenes+Generated.swift */; };
		F36C5430264755D5001C4526 /* Strings+Generated.swift in Sources */ = {isa = PBXBuildFile; fileRef = F36C542C264755D5001C4526 /* Strings+Generated.swift */; };
		F36C5431264755D5001C4526 /* IB-Segues+Generated.swift in Sources */ = {isa = PBXBuildFile; fileRef = F36C542D264755D5001C4526 /* IB-Segues+Generated.swift */; };
		F36C543526476150001C4526 /* Explore.storyboard in Resources */ = {isa = PBXBuildFile; fileRef = F36C543426476150001C4526 /* Explore.storyboard */; };
		F36C54372647615C001C4526 /* Decide.storyboard in Resources */ = {isa = PBXBuildFile; fileRef = F36C54362647615B001C4526 /* Decide.storyboard */; };
		F36C543A264761D6001C4526 /* AnimatedTabBar in Frameworks */ = {isa = PBXBuildFile; productRef = F36C5439264761D6001C4526 /* AnimatedTabBar */; };
		F36C543E2647637F001C4526 /* DecideViewController.swift in Sources */ = {isa = PBXBuildFile; fileRef = F36C543D2647637F001C4526 /* DecideViewController.swift */; };
		F36C5440264763A9001C4526 /* ExploreViewController.swift in Sources */ = {isa = PBXBuildFile; fileRef = F36C543F264763A9001C4526 /* ExploreViewController.swift */; };
		F36C5444264773FC001C4526 /* +UINavigationController.swift in Sources */ = {isa = PBXBuildFile; fileRef = F36C5443264773FC001C4526 /* +UINavigationController.swift */; };
		F36C544D26483A29001C4526 /* ConfigurableCell.swift in Sources */ = {isa = PBXBuildFile; fileRef = F36C544C26483A29001C4526 /* ConfigurableCell.swift */; };
		F36C545226487999001C4526 /* FeaturedCell.swift in Sources */ = {isa = PBXBuildFile; fileRef = F36C545026487998001C4526 /* FeaturedCell.swift */; };
		F36C545326487999001C4526 /* FeaturedCell.xib in Resources */ = {isa = PBXBuildFile; fileRef = F36C545126487999001C4526 /* FeaturedCell.xib */; };
		F36C545626487AE4001C4526 /* FeaturedItemViewModel.swift in Sources */ = {isa = PBXBuildFile; fileRef = F36C545526487AE4001C4526 /* FeaturedItemViewModel.swift */; };
		F36C545B26488FDE001C4526 /* SectionTitleCell.swift in Sources */ = {isa = PBXBuildFile; fileRef = F36C545926488FDE001C4526 /* SectionTitleCell.swift */; };
		F36C545C26488FDE001C4526 /* SectionTitleCell.xib in Resources */ = {isa = PBXBuildFile; fileRef = F36C545A26488FDE001C4526 /* SectionTitleCell.xib */; };
		F36C545E26489011001C4526 /* SectionTitleViewModel.swift in Sources */ = {isa = PBXBuildFile; fileRef = F36C545D26489011001C4526 /* SectionTitleViewModel.swift */; };
		F36C546326489236001C4526 /* SmallCell.swift in Sources */ = {isa = PBXBuildFile; fileRef = F36C546126489236001C4526 /* SmallCell.swift */; };
		F36C546426489236001C4526 /* SmallCell.xib in Resources */ = {isa = PBXBuildFile; fileRef = F36C546226489236001C4526 /* SmallCell.xib */; };
		F36C546626489265001C4526 /* DiciplineItemViewModel.swift in Sources */ = {isa = PBXBuildFile; fileRef = F36C546526489265001C4526 /* DiciplineItemViewModel.swift */; };
		F36C5469264896C0001C4526 /* ListCell.swift in Sources */ = {isa = PBXBuildFile; fileRef = F36C5467264896C0001C4526 /* ListCell.swift */; };
		F36C546A264896C0001C4526 /* ListCell.xib in Resources */ = {isa = PBXBuildFile; fileRef = F36C5468264896C0001C4526 /* ListCell.xib */; };
		F36C546C264896F8001C4526 /* CountryItemViewModel.swift in Sources */ = {isa = PBXBuildFile; fileRef = F36C546B264896F8001C4526 /* CountryItemViewModel.swift */; };
		F39E67F7264FF01E002756CC /* StretchyHeaderView.swift in Sources */ = {isa = PBXBuildFile; fileRef = F39E67F6264FF01E002756CC /* StretchyHeaderView.swift */; };
		F39E67F9264FF6B9002756CC /* ProgramDetailViewController.swift in Sources */ = {isa = PBXBuildFile; fileRef = F39E67F8264FF6B9002756CC /* ProgramDetailViewController.swift */; };
		F39E67FF26508AF8002756CC /* ProgramDetailTitleCell.xib in Resources */ = {isa = PBXBuildFile; fileRef = F39E67FE26508AF8002756CC /* ProgramDetailTitleCell.xib */; };
		F39E680126508B11002756CC /* ProgramDetailTitleCell.swift in Sources */ = {isa = PBXBuildFile; fileRef = F39E680026508B11002756CC /* ProgramDetailTitleCell.swift */; };
		F39E680326508DC0002756CC /* Program.swift in Sources */ = {isa = PBXBuildFile; fileRef = F39E680226508DC0002756CC /* Program.swift */; };
/* End PBXBuildFile section */

/* Begin PBXFileReference section */
		13F0DF26CAA92C172F0C0AB5 /* Pods-MastersPortal.release.xcconfig */ = {isa = PBXFileReference; includeInIndex = 1; lastKnownFileType = text.xcconfig; name = "Pods-MastersPortal.release.xcconfig"; path = "Target Support Files/Pods-MastersPortal/Pods-MastersPortal.release.xcconfig"; sourceTree = "<group>"; };
		32AE47F150A5AC7BBD46E732 /* Pods-MastersPortal.debug.xcconfig */ = {isa = PBXFileReference; includeInIndex = 1; lastKnownFileType = text.xcconfig; name = "Pods-MastersPortal.debug.xcconfig"; path = "Target Support Files/Pods-MastersPortal/Pods-MastersPortal.debug.xcconfig"; sourceTree = "<group>"; };
		C6515EA2DEE80100191E898C /* Pods_MastersPortal.framework */ = {isa = PBXFileReference; explicitFileType = wrapper.framework; includeInIndex = 0; path = Pods_MastersPortal.framework; sourceTree = BUILT_PRODUCTS_DIR; };
		F3115C702666EAE20057569D /* Place.swift */ = {isa = PBXFileReference; lastKnownFileType = sourcecode.swift; path = Place.swift; sourceTree = "<group>"; };
		F3115C722666EB040057569D /* City.swift */ = {isa = PBXFileReference; lastKnownFileType = sourcecode.swift; path = City.swift; sourceTree = "<group>"; };
		F3115C742666EB100057569D /* Term.swift */ = {isa = PBXFileReference; lastKnownFileType = sourcecode.swift; path = Term.swift; sourceTree = "<group>"; };
		F3115C762666EB180057569D /* Application.swift */ = {isa = PBXFileReference; lastKnownFileType = sourcecode.swift; path = Application.swift; sourceTree = "<group>"; };
		F3115C782666EB200057569D /* Student.swift */ = {isa = PBXFileReference; lastKnownFileType = sourcecode.swift; path = Student.swift; sourceTree = "<group>"; };
		F31E83C126516FFB001AE0FF /* FeaturedSection.swift */ = {isa = PBXFileReference; lastKnownFileType = sourcecode.swift; path = FeaturedSection.swift; sourceTree = "<group>"; };
		F31E83C32651703D001AE0FF /* SectionTitleSection.swift */ = {isa = PBXFileReference; lastKnownFileType = sourcecode.swift; path = SectionTitleSection.swift; sourceTree = "<group>"; };
		F31E83C526517058001AE0FF /* DiciplinesSection.swift */ = {isa = PBXFileReference; lastKnownFileType = sourcecode.swift; path = DiciplinesSection.swift; sourceTree = "<group>"; };
		F31E83C726517079001AE0FF /* CountriesSection.swift */ = {isa = PBXFileReference; lastKnownFileType = sourcecode.swift; path = CountriesSection.swift; sourceTree = "<group>"; };
		F31E83C926517087001AE0FF /* CollectionSection.swift */ = {isa = PBXFileReference; lastKnownFileType = sourcecode.swift; path = CollectionSection.swift; sourceTree = "<group>"; };
		F31E83CD2651767A001AE0FF /* QuickFactCell.xib */ = {isa = PBXFileReference; lastKnownFileType = file.xib; path = QuickFactCell.xib; sourceTree = "<group>"; };
		F31E83CF2651769B001AE0FF /* QuickFactCell.swift */ = {isa = PBXFileReference; lastKnownFileType = sourcecode.swift; path = QuickFactCell.swift; sourceTree = "<group>"; };
		F31E83D1265179E7001AE0FF /* QuickFactItemViewModel.swift */ = {isa = PBXFileReference; lastKnownFileType = sourcecode.swift; path = QuickFactItemViewModel.swift; sourceTree = "<group>"; };
		F31E83D526517B27001AE0FF /* QuickFactSection.swift */ = {isa = PBXFileReference; lastKnownFileType = sourcecode.swift; path = QuickFactSection.swift; sourceTree = "<group>"; };
		F31E83D726517BDA001AE0FF /* QuickFactSectionController.swift */ = {isa = PBXFileReference; lastKnownFileType = sourcecode.swift; path = QuickFactSectionController.swift; sourceTree = "<group>"; };
		F31FE5E22651F160005DCD14 /* ListAdapterViewModel.swift */ = {isa = PBXFileReference; lastKnownFileType = sourcecode.swift; path = ListAdapterViewModel.swift; sourceTree = "<group>"; };
		F31FE5E42651F179005DCD14 /* SimpleListAdapterViewModel.swift */ = {isa = PBXFileReference; lastKnownFileType = sourcecode.swift; path = SimpleListAdapterViewModel.swift; sourceTree = "<group>"; };
		F33B5881265D992500832F88 /* ApplyViewController.swift */ = {isa = PBXFileReference; lastKnownFileType = sourcecode.swift; path = ApplyViewController.swift; sourceTree = "<group>"; };
		F33B5883265D993700832F88 /* Apply.storyboard */ = {isa = PBXFileReference; lastKnownFileType = file.storyboard; path = Apply.storyboard; sourceTree = "<group>"; };
		F35C53852652F018007FB3EA /* MockDetailViewModel.swift */ = {isa = PBXFileReference; lastKnownFileType = sourcecode.swift; path = MockDetailViewModel.swift; sourceTree = "<group>"; };
		F35C539B2652F8A8007FB3EA /* SectionViewModel.swift */ = {isa = PBXFileReference; lastKnownFileType = sourcecode.swift; path = SectionViewModel.swift; sourceTree = "<group>"; };
		F35C539E2652FDAA007FB3EA /* StretchyCollectionViewFlowLayout.swift */ = {isa = PBXFileReference; lastKnownFileType = sourcecode.swift; path = StretchyCollectionViewFlowLayout.swift; sourceTree = "<group>"; };
		F35FEF76264B38E30003B042 /* NSObject+ListDiffable.swift */ = {isa = PBXFileReference; lastKnownFileType = sourcecode.swift; path = "NSObject+ListDiffable.swift"; sourceTree = "<group>"; };
		F35FEF78264B4E0A0003B042 /* FeaturedSectionController.swift */ = {isa = PBXFileReference; lastKnownFileType = sourcecode.swift; path = FeaturedSectionController.swift; sourceTree = "<group>"; };
		F35FEF7A264B4E260003B042 /* TitleSectionController.swift */ = {isa = PBXFileReference; lastKnownFileType = sourcecode.swift; path = TitleSectionController.swift; sourceTree = "<group>"; };
		F35FEF7C264B4E5C0003B042 /* DiciplinesSectionController.swift */ = {isa = PBXFileReference; lastKnownFileType = sourcecode.swift; path = DiciplinesSectionController.swift; sourceTree = "<group>"; };
		F35FEF7E264B4E680003B042 /* CountriesSectionController.swift */ = {isa = PBXFileReference; lastKnownFileType = sourcecode.swift; path = CountriesSectionController.swift; sourceTree = "<group>"; };
		F35FEF80264C2D650003B042 /* MockExploreViewModel.swift */ = {isa = PBXFileReference; lastKnownFileType = sourcecode.swift; path = MockExploreViewModel.swift; sourceTree = "<group>"; };
		F36C540726473B12001C4526 /* MastersPortal.app */ = {isa = PBXFileReference; explicitFileType = wrapper.application; includeInIndex = 0; path = MastersPortal.app; sourceTree = BUILT_PRODUCTS_DIR; };
		F36C540A26473B12001C4526 /* AppDelegate.swift */ = {isa = PBXFileReference; lastKnownFileType = sourcecode.swift; path = AppDelegate.swift; sourceTree = "<group>"; };
		F36C540C26473B12001C4526 /* SceneDelegate.swift */ = {isa = PBXFileReference; lastKnownFileType = sourcecode.swift; path = SceneDelegate.swift; sourceTree = "<group>"; };
		F36C541126473B12001C4526 /* Base */ = {isa = PBXFileReference; lastKnownFileType = file.storyboard; name = Base; path = Base.lproj/Main.storyboard; sourceTree = "<group>"; };
		F36C541326473B17001C4526 /* Assets.xcassets */ = {isa = PBXFileReference; lastKnownFileType = folder.assetcatalog; path = Assets.xcassets; sourceTree = "<group>"; };
		F36C541626473B17001C4526 /* Base */ = {isa = PBXFileReference; lastKnownFileType = file.storyboard; name = Base; path = Base.lproj/LaunchScreen.storyboard; sourceTree = "<group>"; };
		F36C541826473B17001C4526 /* Info.plist */ = {isa = PBXFileReference; lastKnownFileType = text.plist.xml; path = Info.plist; sourceTree = "<group>"; };
		F36C542326475594001C4526 /* BartyCrouch.swift */ = {isa = PBXFileReference; fileEncoding = 4; lastKnownFileType = sourcecode.swift; path = BartyCrouch.swift; sourceTree = "<group>"; };
		F36C5428264755B6001C4526 /* en */ = {isa = PBXFileReference; lastKnownFileType = text.plist.strings; name = en; path = en.lproj/Localizable.strings; sourceTree = "<group>"; };
		F36C542A264755D5001C4526 /* XCAssets+Generated.swift */ = {isa = PBXFileReference; fileEncoding = 4; lastKnownFileType = sourcecode.swift; path = "XCAssets+Generated.swift"; sourceTree = "<group>"; };
		F36C542B264755D5001C4526 /* IB-Scenes+Generated.swift */ = {isa = PBXFileReference; fileEncoding = 4; lastKnownFileType = sourcecode.swift; path = "IB-Scenes+Generated.swift"; sourceTree = "<group>"; };
		F36C542C264755D5001C4526 /* Strings+Generated.swift */ = {isa = PBXFileReference; fileEncoding = 4; lastKnownFileType = sourcecode.swift; path = "Strings+Generated.swift"; sourceTree = "<group>"; };
		F36C542D264755D5001C4526 /* IB-Segues+Generated.swift */ = {isa = PBXFileReference; fileEncoding = 4; lastKnownFileType = sourcecode.swift; path = "IB-Segues+Generated.swift"; sourceTree = "<group>"; };
		F36C543426476150001C4526 /* Explore.storyboard */ = {isa = PBXFileReference; lastKnownFileType = file.storyboard; path = Explore.storyboard; sourceTree = "<group>"; };
		F36C54362647615B001C4526 /* Decide.storyboard */ = {isa = PBXFileReference; lastKnownFileType = file.storyboard; path = Decide.storyboard; sourceTree = "<group>"; };
		F36C543D2647637F001C4526 /* DecideViewController.swift */ = {isa = PBXFileReference; lastKnownFileType = sourcecode.swift; path = DecideViewController.swift; sourceTree = "<group>"; };
		F36C543F264763A9001C4526 /* ExploreViewController.swift */ = {isa = PBXFileReference; lastKnownFileType = sourcecode.swift; path = ExploreViewController.swift; sourceTree = "<group>"; };
		F36C54412647668D001C4526 /* tr */ = {isa = PBXFileReference; lastKnownFileType = text.plist.strings; name = tr; path = tr.lproj/Localizable.strings; sourceTree = "<group>"; };
		F36C5443264773FC001C4526 /* +UINavigationController.swift */ = {isa = PBXFileReference; lastKnownFileType = sourcecode.swift; path = "+UINavigationController.swift"; sourceTree = "<group>"; };
		F36C544C26483A29001C4526 /* ConfigurableCell.swift */ = {isa = PBXFileReference; lastKnownFileType = sourcecode.swift; path = ConfigurableCell.swift; sourceTree = "<group>"; };
		F36C545026487998001C4526 /* FeaturedCell.swift */ = {isa = PBXFileReference; fileEncoding = 4; lastKnownFileType = sourcecode.swift; path = FeaturedCell.swift; sourceTree = "<group>"; };
		F36C545126487999001C4526 /* FeaturedCell.xib */ = {isa = PBXFileReference; fileEncoding = 4; lastKnownFileType = file.xib; path = FeaturedCell.xib; sourceTree = "<group>"; };
		F36C545526487AE4001C4526 /* FeaturedItemViewModel.swift */ = {isa = PBXFileReference; lastKnownFileType = sourcecode.swift; path = FeaturedItemViewModel.swift; sourceTree = "<group>"; };
		F36C545926488FDE001C4526 /* SectionTitleCell.swift */ = {isa = PBXFileReference; fileEncoding = 4; lastKnownFileType = sourcecode.swift; path = SectionTitleCell.swift; sourceTree = "<group>"; };
		F36C545A26488FDE001C4526 /* SectionTitleCell.xib */ = {isa = PBXFileReference; fileEncoding = 4; lastKnownFileType = file.xib; path = SectionTitleCell.xib; sourceTree = "<group>"; };
		F36C545D26489011001C4526 /* SectionTitleViewModel.swift */ = {isa = PBXFileReference; lastKnownFileType = sourcecode.swift; path = SectionTitleViewModel.swift; sourceTree = "<group>"; };
		F36C546126489236001C4526 /* SmallCell.swift */ = {isa = PBXFileReference; fileEncoding = 4; lastKnownFileType = sourcecode.swift; path = SmallCell.swift; sourceTree = "<group>"; };
		F36C546226489236001C4526 /* SmallCell.xib */ = {isa = PBXFileReference; fileEncoding = 4; lastKnownFileType = file.xib; path = SmallCell.xib; sourceTree = "<group>"; };
		F36C546526489265001C4526 /* DiciplineItemViewModel.swift */ = {isa = PBXFileReference; lastKnownFileType = sourcecode.swift; path = DiciplineItemViewModel.swift; sourceTree = "<group>"; };
		F36C5467264896C0001C4526 /* ListCell.swift */ = {isa = PBXFileReference; fileEncoding = 4; lastKnownFileType = sourcecode.swift; path = ListCell.swift; sourceTree = "<group>"; };
		F36C5468264896C0001C4526 /* ListCell.xib */ = {isa = PBXFileReference; fileEncoding = 4; lastKnownFileType = file.xib; path = ListCell.xib; sourceTree = "<group>"; };
		F36C546B264896F8001C4526 /* CountryItemViewModel.swift */ = {isa = PBXFileReference; lastKnownFileType = sourcecode.swift; path = CountryItemViewModel.swift; sourceTree = "<group>"; };
		F39E67F6264FF01E002756CC /* StretchyHeaderView.swift */ = {isa = PBXFileReference; lastKnownFileType = sourcecode.swift; path = StretchyHeaderView.swift; sourceTree = "<group>"; };
		F39E67F8264FF6B9002756CC /* ProgramDetailViewController.swift */ = {isa = PBXFileReference; lastKnownFileType = sourcecode.swift; path = ProgramDetailViewController.swift; sourceTree = "<group>"; };
		F39E67FE26508AF8002756CC /* ProgramDetailTitleCell.xib */ = {isa = PBXFileReference; lastKnownFileType = file.xib; path = ProgramDetailTitleCell.xib; sourceTree = "<group>"; };
		F39E680026508B11002756CC /* ProgramDetailTitleCell.swift */ = {isa = PBXFileReference; lastKnownFileType = sourcecode.swift; path = ProgramDetailTitleCell.swift; sourceTree = "<group>"; };
		F39E680226508DC0002756CC /* Program.swift */ = {isa = PBXFileReference; lastKnownFileType = sourcecode.swift; path = Program.swift; sourceTree = "<group>"; };
/* End PBXFileReference section */

/* Begin PBXFrameworksBuildPhase section */
		F36C540426473B12001C4526 /* Frameworks */ = {
			isa = PBXFrameworksBuildPhase;
			buildActionMask = 2147483647;
			files = (
				0D491E0E34E74A963A4E6C51 /* Pods_MastersPortal.framework in Frameworks */,
				F36C543A264761D6001C4526 /* AnimatedTabBar in Frameworks */,
			);
			runOnlyForDeploymentPostprocessing = 0;
		};
/* End PBXFrameworksBuildPhase section */

/* Begin PBXGroup section */
		A0DC398D1DF7D00AF81ACC11 /* Pods */ = {
			isa = PBXGroup;
			children = (
				32AE47F150A5AC7BBD46E732 /* Pods-MastersPortal.debug.xcconfig */,
				13F0DF26CAA92C172F0C0AB5 /* Pods-MastersPortal.release.xcconfig */,
			);
			path = Pods;
			sourceTree = "<group>";
		};
		A2383CC799DBE9099EC8C1FA /* Frameworks */ = {
			isa = PBXGroup;
			children = (
				C6515EA2DEE80100191E898C /* Pods_MastersPortal.framework */,
			);
			name = Frameworks;
			sourceTree = "<group>";
		};
		F33B5885265DABF100832F88 /* Mock */ = {
			isa = PBXGroup;
			children = (
				F35FEF80264C2D650003B042 /* MockExploreViewModel.swift */,
				F35C53852652F018007FB3EA /* MockDetailViewModel.swift */,
				F36C5420264740EA001C4526 /* Generated */,
			);
			path = Mock;
			sourceTree = "<group>";
		};
		F348CF1C265FA51C00440106 /* Sections */ = {
			isa = PBXGroup;
			children = (
				F35C539B2652F8A8007FB3EA /* SectionViewModel.swift */,
				F35C53932652F321007FB3EA /* Quick Fact */,
				F348CF1F265FB61F00440106 /* Header */,
				F35C53972652F36B007FB3EA /* Section Title */,
				F35C538F2652F2CF007FB3EA /* Countries */,
				F35C538B2652F291007FB3EA /* Featured */,
				F35C53872652F23B007FB3EA /* Diciplines */,
			);
			path = Sections;
			sourceTree = "<group>";
		};
		F348CF1F265FB61F00440106 /* Header */ = {
			isa = PBXGroup;
			children = (
				F39E67F6264FF01E002756CC /* StretchyHeaderView.swift */,
				F35C539E2652FDAA007FB3EA /* StretchyCollectionViewFlowLayout.swift */,
			);
			path = Header;
			sourceTree = "<group>";
		};
		F348CF2C2660531E00440106 /* Protocols */ = {
			isa = PBXGroup;
			children = (
				F31E83C926517087001AE0FF /* CollectionSection.swift */,
				F36C544C26483A29001C4526 /* ConfigurableCell.swift */,
				F31FE5E22651F160005DCD14 /* ListAdapterViewModel.swift */,
			);
			path = Protocols;
			sourceTree = "<group>";
		};
		F348CF2D2660532800440106 /* ViewControllers */ = {
			isa = PBXGroup;
			children = (
				F39E67F8264FF6B9002756CC /* ProgramDetailViewController.swift */,
				F36C543D2647637F001C4526 /* DecideViewController.swift */,
				F36C543F264763A9001C4526 /* ExploreViewController.swift */,
				F33B5881265D992500832F88 /* ApplyViewController.swift */,
			);
			name = ViewControllers;
			sourceTree = "<group>";
		};
		F348CF2F2660539D00440106 /* Views */ = {
			isa = PBXGroup;
			children = (
				F348CF30266053AD00440106 /* CollectionCells */,
			);
			path = Views;
			sourceTree = "<group>";
		};
		F348CF30266053AD00440106 /* CollectionCells */ = {
			isa = PBXGroup;
			children = (
				F31E83CF2651769B001AE0FF /* QuickFactCell.swift */,
				F31E83CD2651767A001AE0FF /* QuickFactCell.xib */,
				F36C545926488FDE001C4526 /* SectionTitleCell.swift */,
				F36C545A26488FDE001C4526 /* SectionTitleCell.xib */,
				F36C5467264896C0001C4526 /* ListCell.swift */,
				F36C5468264896C0001C4526 /* ListCell.xib */,
				F36C545026487998001C4526 /* FeaturedCell.swift */,
				F36C545126487999001C4526 /* FeaturedCell.xib */,
				F36C546126489236001C4526 /* SmallCell.swift */,
				F36C546226489236001C4526 /* SmallCell.xib */,
				F39E680026508B11002756CC /* ProgramDetailTitleCell.swift */,
				F39E67FE26508AF8002756CC /* ProgramDetailTitleCell.xib */,
			);
			path = CollectionCells;
			sourceTree = "<group>";
		};
		F348CF312660543D00440106 /* Services */ = {
			isa = PBXGroup;
			children = (
			);
			path = Services;
			sourceTree = "<group>";
		};
		F348CF322660548500440106 /* Extensions */ = {
			isa = PBXGroup;
			children = (
				F35FEF76264B38E30003B042 /* NSObject+ListDiffable.swift */,
			);
			path = Extensions;
			sourceTree = "<group>";
		};
		F35C53872652F23B007FB3EA /* Diciplines */ = {
			isa = PBXGroup;
			children = (
				F31E83C526517058001AE0FF /* DiciplinesSection.swift */,
				F35FEF7C264B4E5C0003B042 /* DiciplinesSectionController.swift */,
				F36C546526489265001C4526 /* DiciplineItemViewModel.swift */,
			);
			path = Diciplines;
			sourceTree = "<group>";
		};
		F35C538B2652F291007FB3EA /* Featured */ = {
			isa = PBXGroup;
			children = (
				F31E83C126516FFB001AE0FF /* FeaturedSection.swift */,
				F35FEF78264B4E0A0003B042 /* FeaturedSectionController.swift */,
				F36C545526487AE4001C4526 /* FeaturedItemViewModel.swift */,
			);
			path = Featured;
			sourceTree = "<group>";
		};
		F35C538F2652F2CF007FB3EA /* Countries */ = {
			isa = PBXGroup;
			children = (
				F31E83C726517079001AE0FF /* CountriesSection.swift */,
				F35FEF7E264B4E680003B042 /* CountriesSectionController.swift */,
				F36C546B264896F8001C4526 /* CountryItemViewModel.swift */,
			);
			path = Countries;
			sourceTree = "<group>";
		};
		F35C53932652F321007FB3EA /* Quick Fact */ = {
			isa = PBXGroup;
			children = (
				F31E83D526517B27001AE0FF /* QuickFactSection.swift */,
				F31E83D726517BDA001AE0FF /* QuickFactSectionController.swift */,
				F31E83D1265179E7001AE0FF /* QuickFactItemViewModel.swift */,
			);
			path = "Quick Fact";
			sourceTree = "<group>";
		};
		F35C53972652F36B007FB3EA /* Section Title */ = {
			isa = PBXGroup;
			children = (
				F31E83C32651703D001AE0FF /* SectionTitleSection.swift */,
				F35FEF7A264B4E260003B042 /* TitleSectionController.swift */,
				F36C545D26489011001C4526 /* SectionTitleViewModel.swift */,
			);
			path = "Section Title";
			sourceTree = "<group>";
		};
		F36C53FE26473B12001C4526 = {
			isa = PBXGroup;
			children = (
				F36C540926473B12001C4526 /* MastersPortal */,
				F36C540826473B12001C4526 /* Products */,
				A0DC398D1DF7D00AF81ACC11 /* Pods */,
				A2383CC799DBE9099EC8C1FA /* Frameworks */,
			);
			sourceTree = "<group>";
		};
		F36C540826473B12001C4526 /* Products */ = {
			isa = PBXGroup;
			children = (
				F36C540726473B12001C4526 /* MastersPortal.app */,
			);
			name = Products;
			sourceTree = "<group>";
		};
		F36C540926473B12001C4526 /* MastersPortal */ = {
			isa = PBXGroup;
			children = (
				F348CF2F2660539D00440106 /* Views */,
				F348CF2D2660532800440106 /* ViewControllers */,
				F36C54212647410B001C4526 /* Storyboards */,
				F348CF2C2660531E00440106 /* Protocols */,
				F36C541F264740E6001C4526 /* Models */,
				F348CF312660543D00440106 /* Services */,
				F36C541E264740DF001C4526 /* Resources */,
				F348CF322660548500440106 /* Extensions */,
			);
			path = MastersPortal;
			sourceTree = "<group>";
		};
		F36C541E264740DF001C4526 /* Resources */ = {
			isa = PBXGroup;
			children = (
				F36C5442264773EE001C4526 /* Extensions */,
				F36C542226475587001C4526 /* Localization */,
				F36C540A26473B12001C4526 /* AppDelegate.swift */,
				F36C540C26473B12001C4526 /* SceneDelegate.swift */,
				F36C541326473B17001C4526 /* Assets.xcassets */,
				F36C541826473B17001C4526 /* Info.plist */,
			);
			path = Resources;
			sourceTree = "<group>";
		};
		F36C541F264740E6001C4526 /* Models */ = {
			isa = PBXGroup;
			children = (
				F33B5885265DABF100832F88 /* Mock */,
				F348CF1C265FA51C00440106 /* Sections */,
				F39E680226508DC0002756CC /* Program.swift */,
				F3115C722666EB040057569D /* City.swift */,
				F3115C702666EAE20057569D /* Place.swift */,
				F3115C742666EB100057569D /* Term.swift */,
				F3115C762666EB180057569D /* Application.swift */,
				F3115C782666EB200057569D /* Student.swift */,
				F31FE5E42651F179005DCD14 /* SimpleListAdapterViewModel.swift */,
			);
			path = Models;
			sourceTree = "<group>";
		};
		F36C5420264740EA001C4526 /* Generated */ = {
			isa = PBXGroup;
			children = (
				F36C542B264755D5001C4526 /* IB-Scenes+Generated.swift */,
				F36C542D264755D5001C4526 /* IB-Segues+Generated.swift */,
				F36C542C264755D5001C4526 /* Strings+Generated.swift */,
				F36C542A264755D5001C4526 /* XCAssets+Generated.swift */,
			);
			path = Generated;
			sourceTree = "<group>";
		};
		F36C54212647410B001C4526 /* Storyboards */ = {
			isa = PBXGroup;
			children = (
				F36C541526473B17001C4526 /* LaunchScreen.storyboard */,
				F36C541026473B12001C4526 /* Main.storyboard */,
				F36C543426476150001C4526 /* Explore.storyboard */,
				F36C54362647615B001C4526 /* Decide.storyboard */,
				F33B5883265D993700832F88 /* Apply.storyboard */,
			);
			path = Storyboards;
			sourceTree = "<group>";
		};
		F36C542226475587001C4526 /* Localization */ = {
			isa = PBXGroup;
			children = (
				F36C542326475594001C4526 /* BartyCrouch.swift */,
				F36C5429264755B6001C4526 /* Localizable.strings */,
			);
			path = Localization;
			sourceTree = "<group>";
		};
		F36C5442264773EE001C4526 /* Extensions */ = {
			isa = PBXGroup;
			children = (
				F36C5443264773FC001C4526 /* +UINavigationController.swift */,
			);
			path = Extensions;
			sourceTree = "<group>";
		};
/* End PBXGroup section */

/* Begin PBXNativeTarget section */
		F36C540626473B12001C4526 /* MastersPortal */ = {
			isa = PBXNativeTarget;
			buildConfigurationList = F36C541B26473B17001C4526 /* Build configuration list for PBXNativeTarget "MastersPortal" */;
			buildPhases = (
				E26E795751E43248F967AE22 /* [CP] Check Pods Manifest.lock */,
				F36C540326473B12001C4526 /* Sources */,
				F36C540426473B12001C4526 /* Frameworks */,
				F36C540526473B12001C4526 /* Resources */,
				BEB198FF3C04841A92849CBE /* [CP] Embed Pods Frameworks */,
			);
			buildRules = (
			);
			dependencies = (
			);
			name = MastersPortal;
			packageProductDependencies = (
				F36C5439264761D6001C4526 /* AnimatedTabBar */,
			);
			productName = MastersPortal;
			productReference = F36C540726473B12001C4526 /* MastersPortal.app */;
			productType = "com.apple.product-type.application";
		};
/* End PBXNativeTarget section */

/* Begin PBXProject section */
		F36C53FF26473B12001C4526 /* Project object */ = {
			isa = PBXProject;
			attributes = {
				LastSwiftUpdateCheck = 1250;
				LastUpgradeCheck = 1250;
				TargetAttributes = {
					F36C540626473B12001C4526 = {
						CreatedOnToolsVersion = 12.5;
					};
				};
			};
			buildConfigurationList = F36C540226473B12001C4526 /* Build configuration list for PBXProject "MastersPortal" */;
			compatibilityVersion = "Xcode 9.3";
			developmentRegion = en;
			hasScannedForEncodings = 0;
			knownRegions = (
				en,
				Base,
				tr,
			);
			mainGroup = F36C53FE26473B12001C4526;
			packageReferences = (
				F36C5438264761D6001C4526 /* XCRemoteSwiftPackageReference "AnimatedTabBar" */,
			);
			productRefGroup = F36C540826473B12001C4526 /* Products */;
			projectDirPath = "";
			projectRoot = "";
			targets = (
				F36C540626473B12001C4526 /* MastersPortal */,
			);
		};
/* End PBXProject section */

/* Begin PBXResourcesBuildPhase section */
		F36C540526473B12001C4526 /* Resources */ = {
			isa = PBXResourcesBuildPhase;
			buildActionMask = 2147483647;
			files = (
				F36C541726473B17001C4526 /* LaunchScreen.storyboard in Resources */,
				F36C545326487999001C4526 /* FeaturedCell.xib in Resources */,
				F36C5427264755B6001C4526 /* Localizable.strings in Resources */,
				F36C543526476150001C4526 /* Explore.storyboard in Resources */,
				F39E67FF26508AF8002756CC /* ProgramDetailTitleCell.xib in Resources */,
				F36C545C26488FDE001C4526 /* SectionTitleCell.xib in Resources */,
				F36C546A264896C0001C4526 /* ListCell.xib in Resources */,
				F36C541426473B17001C4526 /* Assets.xcassets in Resources */,
				F36C54372647615C001C4526 /* Decide.storyboard in Resources */,
				F31E83CE2651767A001AE0FF /* QuickFactCell.xib in Resources */,
				F36C546426489236001C4526 /* SmallCell.xib in Resources */,
				F36C541226473B12001C4526 /* Main.storyboard in Resources */,
				F33B5884265D993700832F88 /* Apply.storyboard in Resources */,
			);
			runOnlyForDeploymentPostprocessing = 0;
		};
/* End PBXResourcesBuildPhase section */

/* Begin PBXShellScriptBuildPhase section */
		BEB198FF3C04841A92849CBE /* [CP] Embed Pods Frameworks */ = {
			isa = PBXShellScriptBuildPhase;
			buildActionMask = 2147483647;
			files = (
			);
			inputFileListPaths = (
				"${PODS_ROOT}/Target Support Files/Pods-MastersPortal/Pods-MastersPortal-frameworks-${CONFIGURATION}-input-files.xcfilelist",
			);
			name = "[CP] Embed Pods Frameworks";
			outputFileListPaths = (
				"${PODS_ROOT}/Target Support Files/Pods-MastersPortal/Pods-MastersPortal-frameworks-${CONFIGURATION}-output-files.xcfilelist",
			);
			runOnlyForDeploymentPostprocessing = 0;
			shellPath = /bin/sh;
			shellScript = "\"${PODS_ROOT}/Target Support Files/Pods-MastersPortal/Pods-MastersPortal-frameworks.sh\"\n";
			showEnvVarsInLog = 0;
		};
		E26E795751E43248F967AE22 /* [CP] Check Pods Manifest.lock */ = {
			isa = PBXShellScriptBuildPhase;
			buildActionMask = 2147483647;
			files = (
			);
			inputFileListPaths = (
			);
			inputPaths = (
				"${PODS_PODFILE_DIR_PATH}/Podfile.lock",
				"${PODS_ROOT}/Manifest.lock",
			);
			name = "[CP] Check Pods Manifest.lock";
			outputFileListPaths = (
			);
			outputPaths = (
				"$(DERIVED_FILE_DIR)/Pods-MastersPortal-checkManifestLockResult.txt",
			);
			runOnlyForDeploymentPostprocessing = 0;
			shellPath = /bin/sh;
			shellScript = "diff \"${PODS_PODFILE_DIR_PATH}/Podfile.lock\" \"${PODS_ROOT}/Manifest.lock\" > /dev/null\nif [ $? != 0 ] ; then\n    # print error to STDERR\n    echo \"error: The sandbox is not in sync with the Podfile.lock. Run 'pod install' or update your CocoaPods installation.\" >&2\n    exit 1\nfi\n# This output is used by Xcode 'outputs' to avoid re-running this script phase.\necho \"SUCCESS\" > \"${SCRIPT_OUTPUT_FILE_0}\"\n";
			showEnvVarsInLog = 0;
		};
/* End PBXShellScriptBuildPhase section */

/* Begin PBXSourcesBuildPhase section */
		F36C540326473B12001C4526 /* Sources */ = {
			isa = PBXSourcesBuildPhase;
			buildActionMask = 2147483647;
			files = (
				F3115C772666EB180057569D /* Application.swift in Sources */,
				F31E83CA26517087001AE0FF /* CollectionSection.swift in Sources */,
				F36C546C264896F8001C4526 /* CountryItemViewModel.swift in Sources */,
				F31FE5E32651F160005DCD14 /* ListAdapterViewModel.swift in Sources */,
				F31E83C626517058001AE0FF /* DiciplinesSection.swift in Sources */,
				F3115C732666EB040057569D /* City.swift in Sources */,
				F36C5469264896C0001C4526 /* ListCell.swift in Sources */,
				F35FEF7B264B4E260003B042 /* TitleSectionController.swift in Sources */,
				F36C545626487AE4001C4526 /* FeaturedItemViewModel.swift in Sources */,
				F36C546626489265001C4526 /* DiciplineItemViewModel.swift in Sources */,
				F36C545E26489011001C4526 /* SectionTitleViewModel.swift in Sources */,
				F35FEF77264B38E30003B042 /* NSObject+ListDiffable.swift in Sources */,
				F35FEF81264C2D650003B042 /* MockExploreViewModel.swift in Sources */,
				F35FEF7D264B4E5C0003B042 /* DiciplinesSectionController.swift in Sources */,
				F36C544D26483A29001C4526 /* ConfigurableCell.swift in Sources */,
				F36C546326489236001C4526 /* SmallCell.swift in Sources */,
				F39E680126508B11002756CC /* ProgramDetailTitleCell.swift in Sources */,
				F3115C752666EB100057569D /* Term.swift in Sources */,
				F31E83C42651703D001AE0FF /* SectionTitleSection.swift in Sources */,
				F3115C792666EB200057569D /* Student.swift in Sources */,
				F36C542E264755D5001C4526 /* XCAssets+Generated.swift in Sources */,
				F31E83C826517079001AE0FF /* CountriesSection.swift in Sources */,
				F35C539C2652F8A8007FB3EA /* SectionViewModel.swift in Sources */,
				F35C53862652F018007FB3EA /* MockDetailViewModel.swift in Sources */,
				F35C539F2652FDAA007FB3EA /* StretchyCollectionViewFlowLayout.swift in Sources */,
				F36C5431264755D5001C4526 /* IB-Segues+Generated.swift in Sources */,
				F36C543E2647637F001C4526 /* DecideViewController.swift in Sources */,
				F31FE5E52651F179005DCD14 /* SimpleListAdapterViewModel.swift in Sources */,
				F3115C712666EAE20057569D /* Place.swift in Sources */,
				F31E83D02651769B001AE0FF /* QuickFactCell.swift in Sources */,
				F33B5882265D992500832F88 /* ApplyViewController.swift in Sources */,
				F31E83D826517BDA001AE0FF /* QuickFactSectionController.swift in Sources */,
				F36C540B26473B12001C4526 /* AppDelegate.swift in Sources */,
				F36C542426475594001C4526 /* BartyCrouch.swift in Sources */,
				F36C5444264773FC001C4526 /* +UINavigationController.swift in Sources */,
				F31E83D626517B27001AE0FF /* QuickFactSection.swift in Sources */,
				F39E680326508DC0002756CC /* Program.swift in Sources */,
				F31E83C226516FFC001AE0FF /* FeaturedSection.swift in Sources */,
				F36C5440264763A9001C4526 /* ExploreViewController.swift in Sources */,
				F31E83D2265179E7001AE0FF /* QuickFactItemViewModel.swift in Sources */,
				F39E67F7264FF01E002756CC /* StretchyHeaderView.swift in Sources */,
				F35FEF79264B4E0A0003B042 /* FeaturedSectionController.swift in Sources */,
				F36C5430264755D5001C4526 /* Strings+Generated.swift in Sources */,
				F39E67F9264FF6B9002756CC /* ProgramDetailViewController.swift in Sources */,
				F36C540D26473B12001C4526 /* SceneDelegate.swift in Sources */,
				F36C542F264755D5001C4526 /* IB-Scenes+Generated.swift in Sources */,
				F36C545B26488FDE001C4526 /* SectionTitleCell.swift in Sources */,
				F36C545226487999001C4526 /* FeaturedCell.swift in Sources */,
				F35FEF7F264B4E680003B042 /* CountriesSectionController.swift in Sources */,
			);
			runOnlyForDeploymentPostprocessing = 0;
		};
/* End PBXSourcesBuildPhase section */

/* Begin PBXVariantGroup section */
		F36C541026473B12001C4526 /* Main.storyboard */ = {
			isa = PBXVariantGroup;
			children = (
				F36C541126473B12001C4526 /* Base */,
			);
			name = Main.storyboard;
			sourceTree = "<group>";
		};
		F36C541526473B17001C4526 /* LaunchScreen.storyboard */ = {
			isa = PBXVariantGroup;
			children = (
				F36C541626473B17001C4526 /* Base */,
			);
			name = LaunchScreen.storyboard;
			sourceTree = "<group>";
		};
		F36C5429264755B6001C4526 /* Localizable.strings */ = {
			isa = PBXVariantGroup;
			children = (
				F36C5428264755B6001C4526 /* en */,
				F36C54412647668D001C4526 /* tr */,
			);
			name = Localizable.strings;
			sourceTree = "<group>";
		};
/* End PBXVariantGroup section */

/* Begin XCBuildConfiguration section */
		F36C541926473B17001C4526 /* Debug */ = {
			isa = XCBuildConfiguration;
			buildSettings = {
				ALWAYS_SEARCH_USER_PATHS = NO;
				CLANG_ANALYZER_LOCALIZABILITY_NONLOCALIZED = YES;
				CLANG_ANALYZER_NONNULL = YES;
				CLANG_ANALYZER_NUMBER_OBJECT_CONVERSION = YES_AGGRESSIVE;
				CLANG_CXX_LANGUAGE_STANDARD = "gnu++14";
				CLANG_CXX_LIBRARY = "libc++";
				CLANG_ENABLE_MODULES = YES;
				CLANG_ENABLE_OBJC_ARC = YES;
				CLANG_ENABLE_OBJC_WEAK = YES;
				CLANG_WARN_BLOCK_CAPTURE_AUTORELEASING = YES;
				CLANG_WARN_BOOL_CONVERSION = YES;
				CLANG_WARN_COMMA = YES;
				CLANG_WARN_CONSTANT_CONVERSION = YES;
				CLANG_WARN_DEPRECATED_OBJC_IMPLEMENTATIONS = YES;
				CLANG_WARN_DIRECT_OBJC_ISA_USAGE = YES_ERROR;
				CLANG_WARN_DOCUMENTATION_COMMENTS = YES;
				CLANG_WARN_EMPTY_BODY = YES;
				CLANG_WARN_ENUM_CONVERSION = YES;
				CLANG_WARN_INFINITE_RECURSION = YES;
				CLANG_WARN_INT_CONVERSION = YES;
				CLANG_WARN_NON_LITERAL_NULL_CONVERSION = YES;
				CLANG_WARN_OBJC_IMPLICIT_RETAIN_SELF = YES;
				CLANG_WARN_OBJC_LITERAL_CONVERSION = YES;
				CLANG_WARN_OBJC_ROOT_CLASS = YES_ERROR;
				CLANG_WARN_QUOTED_INCLUDE_IN_FRAMEWORK_HEADER = YES;
				CLANG_WARN_RANGE_LOOP_ANALYSIS = YES;
				CLANG_WARN_STRICT_PROTOTYPES = YES;
				CLANG_WARN_SUSPICIOUS_MOVE = YES;
				CLANG_WARN_UNGUARDED_AVAILABILITY = YES_AGGRESSIVE;
				CLANG_WARN_UNREACHABLE_CODE = YES;
				CLANG_WARN__DUPLICATE_METHOD_MATCH = YES;
				COPY_PHASE_STRIP = NO;
				DEBUG_INFORMATION_FORMAT = dwarf;
				ENABLE_STRICT_OBJC_MSGSEND = YES;
				ENABLE_TESTABILITY = YES;
				GCC_C_LANGUAGE_STANDARD = gnu11;
				GCC_DYNAMIC_NO_PIC = NO;
				GCC_NO_COMMON_BLOCKS = YES;
				GCC_OPTIMIZATION_LEVEL = 0;
				GCC_PREPROCESSOR_DEFINITIONS = (
					"DEBUG=1",
					"$(inherited)",
				);
				GCC_WARN_64_TO_32_BIT_CONVERSION = YES;
				GCC_WARN_ABOUT_RETURN_TYPE = YES_ERROR;
				GCC_WARN_UNDECLARED_SELECTOR = YES;
				GCC_WARN_UNINITIALIZED_AUTOS = YES_AGGRESSIVE;
				GCC_WARN_UNUSED_FUNCTION = YES;
				GCC_WARN_UNUSED_VARIABLE = YES;
				IPHONEOS_DEPLOYMENT_TARGET = 13.0;
				MTL_ENABLE_DEBUG_INFO = INCLUDE_SOURCE;
				MTL_FAST_MATH = YES;
				ONLY_ACTIVE_ARCH = YES;
				SDKROOT = iphoneos;
				SWIFT_ACTIVE_COMPILATION_CONDITIONS = DEBUG;
				SWIFT_OPTIMIZATION_LEVEL = "-Onone";
			};
			name = Debug;
		};
		F36C541A26473B17001C4526 /* Release */ = {
			isa = XCBuildConfiguration;
			buildSettings = {
				ALWAYS_SEARCH_USER_PATHS = NO;
				CLANG_ANALYZER_LOCALIZABILITY_NONLOCALIZED = YES;
				CLANG_ANALYZER_NONNULL = YES;
				CLANG_ANALYZER_NUMBER_OBJECT_CONVERSION = YES_AGGRESSIVE;
				CLANG_CXX_LANGUAGE_STANDARD = "gnu++14";
				CLANG_CXX_LIBRARY = "libc++";
				CLANG_ENABLE_MODULES = YES;
				CLANG_ENABLE_OBJC_ARC = YES;
				CLANG_ENABLE_OBJC_WEAK = YES;
				CLANG_WARN_BLOCK_CAPTURE_AUTORELEASING = YES;
				CLANG_WARN_BOOL_CONVERSION = YES;
				CLANG_WARN_COMMA = YES;
				CLANG_WARN_CONSTANT_CONVERSION = YES;
				CLANG_WARN_DEPRECATED_OBJC_IMPLEMENTATIONS = YES;
				CLANG_WARN_DIRECT_OBJC_ISA_USAGE = YES_ERROR;
				CLANG_WARN_DOCUMENTATION_COMMENTS = YES;
				CLANG_WARN_EMPTY_BODY = YES;
				CLANG_WARN_ENUM_CONVERSION = YES;
				CLANG_WARN_INFINITE_RECURSION = YES;
				CLANG_WARN_INT_CONVERSION = YES;
				CLANG_WARN_NON_LITERAL_NULL_CONVERSION = YES;
				CLANG_WARN_OBJC_IMPLICIT_RETAIN_SELF = YES;
				CLANG_WARN_OBJC_LITERAL_CONVERSION = YES;
				CLANG_WARN_OBJC_ROOT_CLASS = YES_ERROR;
				CLANG_WARN_QUOTED_INCLUDE_IN_FRAMEWORK_HEADER = YES;
				CLANG_WARN_RANGE_LOOP_ANALYSIS = YES;
				CLANG_WARN_STRICT_PROTOTYPES = YES;
				CLANG_WARN_SUSPICIOUS_MOVE = YES;
				CLANG_WARN_UNGUARDED_AVAILABILITY = YES_AGGRESSIVE;
				CLANG_WARN_UNREACHABLE_CODE = YES;
				CLANG_WARN__DUPLICATE_METHOD_MATCH = YES;
				COPY_PHASE_STRIP = NO;
				DEBUG_INFORMATION_FORMAT = "dwarf-with-dsym";
				ENABLE_NS_ASSERTIONS = NO;
				ENABLE_STRICT_OBJC_MSGSEND = YES;
				GCC_C_LANGUAGE_STANDARD = gnu11;
				GCC_NO_COMMON_BLOCKS = YES;
				GCC_WARN_64_TO_32_BIT_CONVERSION = YES;
				GCC_WARN_ABOUT_RETURN_TYPE = YES_ERROR;
				GCC_WARN_UNDECLARED_SELECTOR = YES;
				GCC_WARN_UNINITIALIZED_AUTOS = YES_AGGRESSIVE;
				GCC_WARN_UNUSED_FUNCTION = YES;
				GCC_WARN_UNUSED_VARIABLE = YES;
				IPHONEOS_DEPLOYMENT_TARGET = 13.0;
				MTL_ENABLE_DEBUG_INFO = NO;
				MTL_FAST_MATH = YES;
				SDKROOT = iphoneos;
				SWIFT_COMPILATION_MODE = wholemodule;
				SWIFT_OPTIMIZATION_LEVEL = "-O";
				VALIDATE_PRODUCT = YES;
			};
			name = Release;
		};
		F36C541C26473B17001C4526 /* Debug */ = {
			isa = XCBuildConfiguration;
			baseConfigurationReference = 32AE47F150A5AC7BBD46E732 /* Pods-MastersPortal.debug.xcconfig */;
			buildSettings = {
				ASSETCATALOG_COMPILER_APPICON_NAME = AppIcon;
				ASSETCATALOG_COMPILER_GLOBAL_ACCENT_COLOR_NAME = AccentColor;
				CODE_SIGN_STYLE = Automatic;
				DEVELOPMENT_TEAM = WXV9WLK4Q4;
				INFOPLIST_FILE = MastersPortal/Resources/Info.plist;
				IPHONEOS_DEPLOYMENT_TARGET = 13.0;
				LD_RUNPATH_SEARCH_PATHS = (
					"$(inherited)",
					"@executable_path/Frameworks",
				);
				PRODUCT_BUNDLE_IDENTIFIER = com.hasancaslan.MastersPortal;
				PRODUCT_NAME = "$(TARGET_NAME)";
				SWIFT_VERSION = 5.0;
				TARGETED_DEVICE_FAMILY = "1,2";
			};
			name = Debug;
		};
		F36C541D26473B17001C4526 /* Release */ = {
			isa = XCBuildConfiguration;
			baseConfigurationReference = 13F0DF26CAA92C172F0C0AB5 /* Pods-MastersPortal.release.xcconfig */;
			buildSettings = {
				ASSETCATALOG_COMPILER_APPICON_NAME = AppIcon;
				ASSETCATALOG_COMPILER_GLOBAL_ACCENT_COLOR_NAME = AccentColor;
				CODE_SIGN_STYLE = Automatic;
				DEVELOPMENT_TEAM = WXV9WLK4Q4;
				INFOPLIST_FILE = MastersPortal/Resources/Info.plist;
				IPHONEOS_DEPLOYMENT_TARGET = 13.0;
				LD_RUNPATH_SEARCH_PATHS = (
					"$(inherited)",
					"@executable_path/Frameworks",
				);
				PRODUCT_BUNDLE_IDENTIFIER = com.hasancaslan.MastersPortal;
				PRODUCT_NAME = "$(TARGET_NAME)";
				SWIFT_VERSION = 5.0;
				TARGETED_DEVICE_FAMILY = "1,2";
			};
			name = Release;
		};
/* End XCBuildConfiguration section */

/* Begin XCConfigurationList section */
		F36C540226473B12001C4526 /* Build configuration list for PBXProject "MastersPortal" */ = {
			isa = XCConfigurationList;
			buildConfigurations = (
				F36C541926473B17001C4526 /* Debug */,
				F36C541A26473B17001C4526 /* Release */,
			);
			defaultConfigurationIsVisible = 0;
			defaultConfigurationName = Release;
		};
		F36C541B26473B17001C4526 /* Build configuration list for PBXNativeTarget "MastersPortal" */ = {
			isa = XCConfigurationList;
			buildConfigurations = (
				F36C541C26473B17001C4526 /* Debug */,
				F36C541D26473B17001C4526 /* Release */,
			);
			defaultConfigurationIsVisible = 0;
			defaultConfigurationName = Release;
		};
/* End XCConfigurationList section */

/* Begin XCRemoteSwiftPackageReference section */
		F36C5438264761D6001C4526 /* XCRemoteSwiftPackageReference "AnimatedTabBar" */ = {
			isa = XCRemoteSwiftPackageReference;
			repositoryURL = "git@github.com:pb-studios/AnimatedTabBar.git";
			requirement = {
				kind = upToNextMajorVersion;
				minimumVersion = 1.0.0;
			};
		};
/* End XCRemoteSwiftPackageReference section */

/* Begin XCSwiftPackageProductDependency section */
		F36C5439264761D6001C4526 /* AnimatedTabBar */ = {
			isa = XCSwiftPackageProductDependency;
			package = F36C5438264761D6001C4526 /* XCRemoteSwiftPackageReference "AnimatedTabBar" */;
			productName = AnimatedTabBar;
		};
/* End XCSwiftPackageProductDependency section */
	};
	rootObject = F36C53FF26473B12001C4526 /* Project object */;
}
